
Microsoft Visual Studio Solution File, Format Version 12.00
# Visual Studio Version 17
VisualStudioVersion = 17.5.002.0
MinimumVisualStudioVersion = 10.0.40219.1
Project("{9A19103F-16F7-4668-BE54-9A1E7A4F7556}") = "Agri_Connect", "Agri_Connect\Agri_Connect.csproj", "{53B6C4FF-FF41-4461-B4A7-245A318C5E55}"
EndProject
Global
	GlobalSection(SolutionConfigurationPlatforms) = preSolution
		Debug|Any CPU = Debug|Any CPU
		Release|Any CPU = Release|Any CPU
	EndGlobalSection
	GlobalSection(ProjectConfigurationPlatforms) = postSolution
		{53B6C4FF-FF41-4461-B4A7-245A318C5E55}.Debug|Any CPU.ActiveCfg = Debug|Any CPU
		{53B6C4FF-FF41-4461-B4A7-245A318C5E55}.Debug|Any CPU.Build.0 = Debug|Any CPU
		{53B6C4FF-FF41-4461-B4A7-245A318C5E55}.Release|Any CPU.ActiveCfg = Release|Any CPU
		{53B6C4FF-FF41-4461-B4A7-245A318C5E55}.Release|Any CPU.Build.0 = Release|Any CPU
	EndGlobalSection
	GlobalSection(SolutionProperties) = preSolution
		HideSolutionNode = FALSE
	EndGlobalSection
	GlobalSection(ExtensibilityGlobals) = postSolution
		SolutionGuid = {D3062DF5-A2B3-471D-9079-44166EEC1A92}
	EndGlobalSection
EndGlobal
